// !$*UTF8*$!
{
	archiveVersion = 1;
	classes = {
	};
	objectVersion = 56;
	objects = {

/* Begin PBXBuildFile section */
		3F3C1D2A2A0D5C3800D3F988 /* SecondViewController.swift in Sources */ = {isa = PBXBuildFile; fileRef = 3F3C1D292A0D5C3800D3F988 /* SecondViewController.swift */; };
		3F3C1D2C2A0D621A00D3F988 /* ResultViewController.swift in Sources */ = {isa = PBXBuildFile; fileRef = 3F3C1D2B2A0D621A00D3F988 /* ResultViewController.swift */; };
		3F7284622A0AD21500FFF7EC /* AppDelegate.swift in Sources */ = {isa = PBXBuildFile; fileRef = 3F7284612A0AD21500FFF7EC /* AppDelegate.swift */; };
		3F7284642A0AD21500FFF7EC /* SceneDelegate.swift in Sources */ = {isa = PBXBuildFile; fileRef = 3F7284632A0AD21500FFF7EC /* SceneDelegate.swift */; };
		3F7284662A0AD21500FFF7EC /* ViewController.swift in Sources */ = {isa = PBXBuildFile; fileRef = 3F7284652A0AD21500FFF7EC /* ViewController.swift */; };
		3F7284692A0AD21500FFF7EC /* Main.storyboard in Resources */ = {isa = PBXBuildFile; fileRef = 3F7284672A0AD21500FFF7EC /* Main.storyboard */; };
		3F72846B2A0AD21600FFF7EC /* Assets.xcassets in Resources */ = {isa = PBXBuildFile; fileRef = 3F72846A2A0AD21600FFF7EC /* Assets.xcassets */; };
		3F72846E2A0AD21600FFF7EC /* LaunchScreen.storyboard in Resources */ = {isa = PBXBuildFile; fileRef = 3F72846C2A0AD21600FFF7EC /* LaunchScreen.storyboard */; };
		3FE671232A0C25F70060E8C6 /* signBrain.swift in Sources */ = {isa = PBXBuildFile; fileRef = 3FE671222A0C25F70060E8C6 /* signBrain.swift */; };
/* End PBXBuildFile section */

/* Begin PBXFileReference section */
		3F3C1D292A0D5C3800D3F988 /* SecondViewController.swift */ = {isa = PBXFileReference; lastKnownFileType = sourcecode.swift; path = SecondViewController.swift; sourceTree = "<group>"; };
		3F3C1D2B2A0D621A00D3F988 /* ResultViewController.swift */ = {isa = PBXFileReference; lastKnownFileType = sourcecode.swift; path = ResultViewController.swift; sourceTree = "<group>"; };
		3F72845E2A0AD21500FFF7EC /* whatZign.app */ = {isa = PBXFileReference; explicitFileType = wrapper.application; includeInIndex = 0; path = whatZign.app; sourceTree = BUILT_PRODUCTS_DIR; };
		3F7284612A0AD21500FFF7EC /* AppDelegate.swift */ = {isa = PBXFileReference; lastKnownFileType = sourcecode.swift; path = AppDelegate.swift; sourceTree = "<group>"; };
		3F7284632A0AD21500FFF7EC /* SceneDelegate.swift */ = {isa = PBXFileReference; lastKnownFileType = sourcecode.swift; path = SceneDelegate.swift; sourceTree = "<group>"; };
		3F7284652A0AD21500FFF7EC /* ViewController.swift */ = {isa = PBXFileReference; lastKnownFileType = sourcecode.swift; path = ViewController.swift; sourceTree = "<group>"; };
		3F7284682A0AD21500FFF7EC /* Base */ = {isa = PBXFileReference; lastKnownFileType = file.storyboard; name = Base; path = Base.lproj/Main.storyboard; sourceTree = "<group>"; };
		3F72846A2A0AD21600FFF7EC /* Assets.xcassets */ = {isa = PBXFileReference; lastKnownFileType = folder.assetcatalog; path = Assets.xcassets; sourceTree = "<group>"; };
		3F72846D2A0AD21600FFF7EC /* Base */ = {isa = PBXFileReference; lastKnownFileType = file.storyboard; name = Base; path = Base.lproj/LaunchScreen.storyboard; sourceTree = "<group>"; };
		3F72846F2A0AD21600FFF7EC /* Info.plist */ = {isa = PBXFileReference; lastKnownFileType = text.plist.xml; path = Info.plist; sourceTree = "<group>"; };
		3FE671222A0C25F70060E8C6 /* signBrain.swift */ = {isa = PBXFileReference; lastKnownFileType = sourcecode.swift; path = signBrain.swift; sourceTree = "<group>"; };
/* End PBXFileReference section */

/* Begin PBXFrameworksBuildPhase section */
		3F72845B2A0AD21500FFF7EC /* Frameworks */ = {
			isa = PBXFrameworksBuildPhase;
			buildActionMask = 2147483647;
			files = (
			);
			runOnlyForDeploymentPostprocessing = 0;
		};
/* End PBXFrameworksBuildPhase section */

/* Begin PBXGroup section */
		3F7284552A0AD21500FFF7EC = {
			isa = PBXGroup;
			children = (
				3F7284602A0AD21500FFF7EC /* whatZign */,
				3F72845F2A0AD21500FFF7EC /* Products */,
			);
			sourceTree = "<group>";
		};
		3F72845F2A0AD21500FFF7EC /* Products */ = {
			isa = PBXGroup;
			children = (
				3F72845E2A0AD21500FFF7EC /* whatZign.app */,
			);
			name = Products;
			sourceTree = "<group>";
		};
		3F7284602A0AD21500FFF7EC /* whatZign */ = {
			isa = PBXGroup;
			children = (
				3F7284612A0AD21500FFF7EC /* AppDelegate.swift */,
				3F7284632A0AD21500FFF7EC /* SceneDelegate.swift */,
				3FE6711F2A0C25920060E8C6 /* Model */,
				3FE671202A0C259C0060E8C6 /* View */,
				3FE671212A0C25A40060E8C6 /* Controller */,
				3F72846A2A0AD21600FFF7EC /* Assets.xcassets */,
				3F72846F2A0AD21600FFF7EC /* Info.plist */,
			);
			path = whatZign;
			sourceTree = "<group>";
		};
		3FE6711F2A0C25920060E8C6 /* Model */ = {
			isa = PBXGroup;
			children = (
				3FE671222A0C25F70060E8C6 /* signBrain.swift */,
			);
			name = Model;
			sourceTree = "<group>";
		};
		3FE671202A0C259C0060E8C6 /* View */ = {
			isa = PBXGroup;
			children = (
				3F7284672A0AD21500FFF7EC /* Main.storyboard */,
				3F72846C2A0AD21600FFF7EC /* LaunchScreen.storyboard */,
			);
			path = View;
			sourceTree = "<group>";
		};
		3FE671212A0C25A40060E8C6 /* Controller */ = {
			isa = PBXGroup;
			children = (
				3F7284652A0AD21500FFF7EC /* ViewController.swift */,
				3F3C1D292A0D5C3800D3F988 /* SecondViewController.swift */,
				3F3C1D2B2A0D621A00D3F988 /* ResultViewController.swift */,
			);
			name = Controller;
			path = View;
			sourceTree = "<group>";
		};
/* End PBXGroup section */

/* Begin PBXNativeTarget section */
		3F72845D2A0AD21500FFF7EC /* whatZign */ = {
			isa = PBXNativeTarget;
			buildConfigurationList = 3F7284722A0AD21600FFF7EC /* Build configuration list for PBXNativeTarget "whatZign" */;
			buildPhases = (
				3F72845A2A0AD21500FFF7EC /* Sources */,
				3F72845B2A0AD21500FFF7EC /* Frameworks */,
				3F72845C2A0AD21500FFF7EC /* Resources */,
			);
			buildRules = (
			);
			dependencies = (
			);
			name = whatZign;
			productName = whatZign;
			productReference = 3F72845E2A0AD21500FFF7EC /* whatZign.app */;
			productType = "com.apple.product-type.application";
		};
/* End PBXNativeTarget section */

/* Begin PBXProject section */
		3F7284562A0AD21500FFF7EC /* Project object */ = {
			isa = PBXProject;
			attributes = {
				BuildIndependentTargetsInParallel = 1;
				LastSwiftUpdateCheck = 1400;
				LastUpgradeCheck = 1400;
				TargetAttributes = {
					3F72845D2A0AD21500FFF7EC = {
						CreatedOnToolsVersion = 14.0;
					};
				};
			};
			buildConfigurationList = 3F7284592A0AD21500FFF7EC /* Build configuration list for PBXProject "whatZign" */;
			compatibilityVersion = "Xcode 14.0";
			developmentRegion = en;
			hasScannedForEncodings = 0;
			knownRegions = (
				en,
				Base,
			);
			mainGroup = 3F7284552A0AD21500FFF7EC;
			productRefGroup = 3F72845F2A0AD21500FFF7EC /* Products */;
			projectDirPath = "";
			projectRoot = "";
			targets = (
				3F72845D2A0AD21500FFF7EC /* whatZign */,
			);
		};
/* End PBXProject section */

/* Begin PBXResourcesBuildPhase section */
		3F72845C2A0AD21500FFF7EC /* Resources */ = {
			isa = PBXResourcesBuildPhase;
			buildActionMask = 2147483647;
			files = (
				3F72846E2A0AD21600FFF7EC /* LaunchScreen.storyboard in Resources */,
				3F72846B2A0AD21600FFF7EC /* Assets.xcassets in Resources */,
				3F7284692A0AD21500FFF7EC /* Main.storyboard in Resources */,
			);
			runOnlyForDeploymentPostprocessing = 0;
		};
/* End PBXResourcesBuildPhase section */

/* Begin PBXSourcesBuildPhase section */
		3F72845A2A0AD21500FFF7EC /* Sources */ = {
			isa = PBXSourcesBuildPhase;
			buildActionMask = 2147483647;
			files = (
				3F7284662A0AD21500FFF7EC /* ViewController.swift in Sources */,
				3F7284622A0AD21500FFF7EC /* AppDelegate.swift in Sources */,
				3F7284642A0AD21500FFF7EC /* SceneDelegate.swift in Sources */,
				3F3C1D2A2A0D5C3800D3F988 /* SecondViewController.swift in Sources */,
				3FE671232A0C25F70060E8C6 /* signBrain.swift in Sources */,
				3F3C1D2C2A0D621A00D3F988 /* ResultViewController.swift in Sources */,
			);
			runOnlyForDeploymentPostprocessing = 0;
		};
/* End PBXSourcesBuildPhase section */

/* Begin PBXVariantGroup section */
		3F7284672A0AD21500FFF7EC /* Main.storyboard */ = {
			isa = PBXVariantGroup;
			children = (
				3F7284682A0AD21500FFF7EC /* Base */,
			);
			name = Main.storyboard;
			sourceTree = "<group>";
		};
		3F72846C2A0AD21600FFF7EC /* LaunchScreen.storyboard */ = {
			isa = PBXVariantGroup;
			children = (
				3F72846D2A0AD21600FFF7EC /* Base */,
			);
			name = LaunchScreen.storyboard;
			sourceTree = "<group>";
		};
/* End PBXVariantGroup section */

/* Begin XCBuildConfiguration section */
		3F7284702A0AD21600FFF7EC /* Debug */ = {
			isa = XCBuildConfiguration;
			buildSettings = {
				ALWAYS_SEARCH_USER_PATHS = NO;
				CLANG_ANALYZER_NONNULL = YES;
				CLANG_ANALYZER_NUMBER_OBJECT_CONVERSION = YES_AGGRESSIVE;
				CLANG_CXX_LANGUAGE_STANDARD = "gnu++20";
				CLANG_ENABLE_MODULES = YES;
				CLANG_ENABLE_OBJC_ARC = YES;
				CLANG_ENABLE_OBJC_WEAK = YES;
				CLANG_WARN_BLOCK_CAPTURE_AUTORELEASING = YES;
				CLANG_WARN_BOOL_CONVERSION = YES;
				CLANG_WARN_COMMA = YES;
				CLANG_WARN_CONSTANT_CONVERSION = YES;
				CLANG_WARN_DEPRECATED_OBJC_IMPLEMENTATIONS = YES;
				CLANG_WARN_DIRECT_OBJC_ISA_USAGE = YES_ERROR;
				CLANG_WARN_DOCUMENTATION_COMMENTS = YES;
				CLANG_WARN_EMPTY_BODY = YES;
				CLANG_WARN_ENUM_CONVERSION = YES;
				CLANG_WARN_INFINITE_RECURSION = YES;
				CLANG_WARN_INT_CONVERSION = YES;
				CLANG_WARN_NON_LITERAL_NULL_CONVERSION = YES;
				CLANG_WARN_OBJC_IMPLICIT_RETAIN_SELF = YES;
				CLANG_WARN_OBJC_LITERAL_CONVERSION = YES;
				CLANG_WARN_OBJC_ROOT_CLASS = YES_ERROR;
				CLANG_WARN_QUOTED_INCLUDE_IN_FRAMEWORK_HEADER = YES;
				CLANG_WARN_RANGE_LOOP_ANALYSIS = YES;
				CLANG_WARN_STRICT_PROTOTYPES = YES;
				CLANG_WARN_SUSPICIOUS_MOVE = YES;
				CLANG_WARN_UNGUARDED_AVAILABILITY = YES_AGGRESSIVE;
				CLANG_WARN_UNREACHABLE_CODE = YES;
				CLANG_WARN__DUPLICATE_METHOD_MATCH = YES;
				COPY_PHASE_STRIP = NO;
				DEBUG_INFORMATION_FORMAT = dwarf;
				ENABLE_STRICT_OBJC_MSGSEND = YES;
				ENABLE_TESTABILITY = YES;
				GCC_C_LANGUAGE_STANDARD = gnu11;
				GCC_DYNAMIC_NO_PIC = NO;
				GCC_NO_COMMON_BLOCKS = YES;
				GCC_OPTIMIZATION_LEVEL = 0;
				GCC_PREPROCESSOR_DEFINITIONS = (
					"DEBUG=1",
					"$(inherited)",
				);
				GCC_WARN_64_TO_32_BIT_CONVERSION = YES;
				GCC_WARN_ABOUT_RETURN_TYPE = YES_ERROR;
				GCC_WARN_UNDECLARED_SELECTOR = YES;
				GCC_WARN_UNINITIALIZED_AUTOS = YES_AGGRESSIVE;
				GCC_WARN_UNUSED_FUNCTION = YES;
				GCC_WARN_UNUSED_VARIABLE = YES;
				IPHONEOS_DEPLOYMENT_TARGET = 16.0;
				MTL_ENABLE_DEBUG_INFO = INCLUDE_SOURCE;
				MTL_FAST_MATH = YES;
				ONLY_ACTIVE_ARCH = YES;
				SDKROOT = iphoneos;
				SWIFT_ACTIVE_COMPILATION_CONDITIONS = DEBUG;
				SWIFT_OPTIMIZATION_LEVEL = "-Onone";
			};
			name = Debug;
		};
		3F7284712A0AD21600FFF7EC /* Release */ = {
			isa = XCBuildConfiguration;
			buildSettings = {
				ALWAYS_SEARCH_USER_PATHS = NO;
				CLANG_ANALYZER_NONNULL = YES;
				CLANG_ANALYZER_NUMBER_OBJECT_CONVERSION = YES_AGGRESSIVE;
				CLANG_CXX_LANGUAGE_STANDARD = "gnu++20";
				CLANG_ENABLE_MODULES = YES;
				CLANG_ENABLE_OBJC_ARC = YES;
				CLANG_ENABLE_OBJC_WEAK = YES;
				CLANG_WARN_BLOCK_CAPTURE_AUTORELEASING = YES;
				CLANG_WARN_BOOL_CONVERSION = YES;
				CLANG_WARN_COMMA = YES;
				CLANG_WARN_CONSTANT_CONVERSION = YES;
				CLANG_WARN_DEPRECATED_OBJC_IMPLEMENTATIONS = YES;
				CLANG_WARN_DIRECT_OBJC_ISA_USAGE = YES_ERROR;
				CLANG_WARN_DOCUMENTATION_COMMENTS = YES;
				CLANG_WARN_EMPTY_BODY = YES;
				CLANG_WARN_ENUM_CONVERSION = YES;
				CLANG_WARN_INFINITE_RECURSION = YES;
				CLANG_WARN_INT_CONVERSION = YES;
				CLANG_WARN_NON_LITERAL_NULL_CONVERSION = YES;
				CLANG_WARN_OBJC_IMPLICIT_RETAIN_SELF = YES;
				CLANG_WARN_OBJC_LITERAL_CONVERSION = YES;
				CLANG_WARN_OBJC_ROOT_CLASS = YES_ERROR;
				CLANG_WARN_QUOTED_INCLUDE_IN_FRAMEWORK_HEADER = YES;
				CLANG_WARN_RANGE_LOOP_ANALYSIS = YES;
				CLANG_WARN_STRICT_PROTOTYPES = YES;
				CLANG_WARN_SUSPICIOUS_MOVE = YES;
				CLANG_WARN_UNGUARDED_AVAILABILITY = YES_AGGRESSIVE;
				CLANG_WARN_UNREACHABLE_CODE = YES;
				CLANG_WARN__DUPLICATE_METHOD_MATCH = YES;
				COPY_PHASE_STRIP = NO;
				DEBUG_INFORMATION_FORMAT = "dwarf-with-dsym";
				ENABLE_NS_ASSERTIONS = NO;
				ENABLE_STRICT_OBJC_MSGSEND = YES;
				GCC_C_LANGUAGE_STANDARD = gnu11;
				GCC_NO_COMMON_BLOCKS = YES;
				GCC_WARN_64_TO_32_BIT_CONVERSION = YES;
				GCC_WARN_ABOUT_RETURN_TYPE = YES_ERROR;
				GCC_WARN_UNDECLARED_SELECTOR = YES;
				GCC_WARN_UNINITIALIZED_AUTOS = YES_AGGRESSIVE;
				GCC_WARN_UNUSED_FUNCTION = YES;
				GCC_WARN_UNUSED_VARIABLE = YES;
				IPHONEOS_DEPLOYMENT_TARGET = 16.0;
				MTL_ENABLE_DEBUG_INFO = NO;
				MTL_FAST_MATH = YES;
				SDKROOT = iphoneos;
				SWIFT_COMPILATION_MODE = wholemodule;
				SWIFT_OPTIMIZATION_LEVEL = "-O";
				VALIDATE_PRODUCT = YES;
			};
			name = Release;
		};
		3F7284732A0AD21600FFF7EC /* Debug */ = {
			isa = XCBuildConfiguration;
			buildSettings = {
				ASSETCATALOG_COMPILER_APPICON_NAME = AppIcon;
				ASSETCATALOG_COMPILER_GLOBAL_ACCENT_COLOR_NAME = AccentColor;
				CODE_SIGN_STYLE = Automatic;
				CURRENT_PROJECT_VERSION = 1;
				DEVELOPMENT_TEAM = 49FZ53KNL9;
				GENERATE_INFOPLIST_FILE = YES;
				INFOPLIST_FILE = whatZign/Info.plist;
				INFOPLIST_KEY_UIApplicationSupportsIndirectInputEvents = YES;
				INFOPLIST_KEY_UILaunchStoryboardName = LaunchScreen;
				INFOPLIST_KEY_UIMainStoryboardFile = Main;
				INFOPLIST_KEY_UISupportedInterfaceOrientations_iPad = "UIInterfaceOrientationPortrait UIInterfaceOrientationPortraitUpsideDown UIInterfaceOrientationLandscapeLeft UIInterfaceOrientationLandscapeRight";
				INFOPLIST_KEY_UISupportedInterfaceOrientations_iPhone = "UIInterfaceOrientationPortrait UIInterfaceOrientationLandscapeLeft UIInterfaceOrientationLandscapeRight";
				LD_RUNPATH_SEARCH_PATHS = (
					"$(inherited)",
					"@executable_path/Frameworks",
				);
				MARKETING_VERSION = 1.0;
				PRODUCT_BUNDLE_IDENTIFIER = com.matson.whatZign;
				PRODUCT_NAME = "$(TARGET_NAME)";
				SWIFT_EMIT_LOC_STRINGS = YES;
				SWIFT_VERSION = 5.0;
				TARGETED_DEVICE_FAMILY = "1,2";
			};
			name = Debug;
		};
		3F7284742A0AD21600FFF7EC /* Release */ = {
			isa = XCBuildConfiguration;
			buildSettings = {
				ASSETCATALOG_COMPILER_APPICON_NAME = AppIcon;
				ASSETCATALOG_COMPILER_GLOBAL_ACCENT_COLOR_NAME = AccentColor;
				CODE_SIGN_STYLE = Automatic;
				CURRENT_PROJECT_VERSION = 1;
				DEVELOPMENT_TEAM = 49FZ53KNL9;
				GENERATE_INFOPLIST_FILE = YES;
				INFOPLIST_FILE = whatZign/Info.plist;
				INFOPLIST_KEY_UIApplicationSupportsIndirectInputEvents = YES;
				INFOPLIST_KEY_UILaunchStoryboardName = LaunchScreen;
				INFOPLIST_KEY_UIMainStoryboardFile = Main;
				INFOPLIST_KEY_UISupportedInterfaceOrientations_iPad = "UIInterfaceOrientationPortrait UIInterfaceOrientationPortraitUpsideDown UIInterfaceOrientationLandscapeLeft UIInterfaceOrientationLandscapeRight";
				INFOPLIST_KEY_UISupportedInterfaceOrientations_iPhone = "UIInterfaceOrientationPortrait UIInterfaceOrientationLandscapeLeft UIInterfaceOrientationLandscapeRight";
				LD_RUNPATH_SEARCH_PATHS = (
					"$(inherited)",
					"@executable_path/Frameworks",
				);
				MARKETING_VERSION = 1.0;
				PRODUCT_BUNDLE_IDENTIFIER = com.matson.whatZign;
				PRODUCT_NAME = "$(TARGET_NAME)";
				SWIFT_EMIT_LOC_STRINGS = YES;
				SWIFT_VERSION = 5.0;
				TARGETED_DEVICE_FAMILY = "1,2";
			};
			name = Release;
		};
/* End XCBuildConfiguration section */

/* Begin XCConfigurationList section */
		3F7284592A0AD21500FFF7EC /* Build configuration list for PBXProject "whatZign" */ = {
			isa = XCConfigurationList;
			buildConfigurations = (
				3F7284702A0AD21600FFF7EC /* Debug */,
				3F7284712A0AD21600FFF7EC /* Release */,
			);
			defaultConfigurationIsVisible = 0;
			defaultConfigurationName = Release;
		};
		3F7284722A0AD21600FFF7EC /* Build configuration list for PBXNativeTarget "whatZign" */ = {
			isa = XCConfigurationList;
			buildConfigurations = (
				3F7284732A0AD21600FFF7EC /* Debug */,
				3F7284742A0AD21600FFF7EC /* Release */,
			);
			defaultConfigurationIsVisible = 0;
			defaultConfigurationName = Release;
		};
/* End XCConfigurationList section */
	};
	rootObject = 3F7284562A0AD21500FFF7EC /* Project object */;
}
